{
  "version": 4,
  "terraform_version": "1.12.2",
  "serial": 14,
  "lineage": "fbe2dec6-b411-99c1-7b7a-d838ed8a0c56",
  "outputs": {
    "eks_cluster_arn": {
      "value": "arn:aws:eks:ap-northeast-2:897729138689:cluster/cloudflix-eks",
      "type": "string"
    },
    "eks_cluster_endpoint": {
      "value": "https://35E10D24B5EC9F6742AC865E3667A209.sk1.ap-northeast-2.eks.amazonaws.com",
      "type": "string"
    },
    "eks_cluster_id": {
      "value": "cloudflix-eks",
      "type": "string"
    },
    "eks_cluster_name": {
      "value": "cloudflix-eks",
      "type": "string"
    },
    "karpenter_controller_role_arn": {
      "value": "arn:aws:iam::897729138689:role/cloudflix-eks-karpenter-controller-role",
      "type": "string"
    },
    "karpenter_node_instance_profile": {
      "value": "cloudflix-eks-karpenter-node-instance-profile",
      "type": "string"
    }
  },
  "resources": [
    {
      "mode": "data",
      "type": "aws_caller_identity",
      "name": "current",
      "provider": "provider[\"registry.terraform.io/hashicorp/aws\"]",
      "instances": [
        {
          "schema_version": 0,
          "attributes": {
            "account_id": "897729138689",
            "arn": "arn:aws:iam::897729138689:root",
            "id": "897729138689",
            "user_id": "897729138689"
          },
          "sensitive_attributes": [],
          "identity_schema_version": 0
        }
      ]
    },
    {
      "mode": "managed",
      "type": "aws_eks_cluster",
      "name": "main",
      "provider": "provider[\"registry.terraform.io/hashicorp/aws\"]",
      "instances": [
        {
          "schema_version": 1,
          "attributes": {
            "access_config": [
              {
                "authentication_mode": "CONFIG_MAP",
                "bootstrap_cluster_creator_admin_permissions": true
              }
            ],
            "arn": "arn:aws:eks:ap-northeast-2:897729138689:cluster/cloudflix-eks",
            "bootstrap_self_managed_addons": true,
            "certificate_authority": [
              {
                "data": "LS0tLS1CRUdJTiBDRVJUSUZJQ0FURS0tLS0tCk1JSURCVENDQWUyZ0F3SUJBZ0lJR01Ecmd5ZmdSL2t3RFFZSktvWklodmNOQVFFTEJRQXdGVEVUTUJFR0ExVUUKQXhNS2EzVmlaWEp1WlhSbGN6QWVGdzB5TlRBMk1qZ3dPVE00TlRKYUZ3MHpOVEEyTWpZd09UUXpOVEphTUJVeApFekFSQmdOVkJBTVRDbXQxWW1WeWJtVjBaWE13Z2dFaU1BMEdDU3FHU0liM0RRRUJBUVVBQTRJQkR3QXdnZ0VLCkFvSUJBUUN1Z0ZHSDR1aDZObmxUNmZCSHZ3YUZ0ZndpY3ZZaHF4U0FyZEtHUG9lRUVCUTNZTzJUcjdEaDB2VisKQmRBMFBGOUJsTTVETXQzSGNSajE1a3dlSHhab1lITkw5MWdtK1dFLzB2NFdPUXU5SmtzbzlsUXZXZ0ZycXFhegppRXdwdWtJUE1GR1JtNXdnVXVGVXk5dE1NZkxYVXZqMW4wL21EV0dJbWhsd2Vxa3Q5d3QwOU9mZXZuV0pZNlZ1CnVod3BneHpXcUJlL0NFQ0gzUVVaT1B5V0JBdkY0QUhPbnFFY29xK0hiYlJLYjlpOG1DYzhUNmRzZXFESkc1N0UKMTJpKytqeTJsakVWVmRrS01HaUg4WGVRaDJFNUxESXdsQ1JJYk94UEV4RUZYNWZaanBYSGNjenlmdVhyTU5xSQpWQTJZSHFBK2k3c0p2c09ZOW1lMUNMcGdxU3ZyQWdNQkFBR2pXVEJYTUE0R0ExVWREd0VCL3dRRUF3SUNwREFQCkJnTlZIUk1CQWY4RUJUQURBUUgvTUIwR0ExVWREZ1FXQkJUL24rb0xwaml1TlhRQWw2Qk9pdC9YVWlQRU5EQVYKQmdOVkhSRUVEakFNZ2dwcmRXSmxjbTVsZEdWek1BMEdDU3FHU0liM0RRRUJDd1VBQTRJQkFRQS83Q3FVQjhvcgpBOWx1UjMyRUJZOVYxdEdSU0wvcjhQUFRBUEZyOVZUUUJlSjZLZHdMcmR6TCthWnF2aCttRTNJam9hRUI4KzdBCjBUWG5wcGJCNmdGUy83UzJzWHJoT21XZmxVSEJabEJ4L3l2SXo2bDl1N2hSUnJDVmt5V1I3dzE1M3VtUFgxWEsKa28vaklLU00zSFN4cTRHVHZLTDMwM09XTEs4MGVuWUk0eFIvTXBwY09oZC9rMlFjU0x4YnhzdHVHdUFOOXRFTwo4TERPY1NEUEh2dG8xamxFejNXc05kUkVZV3lNeXNEc290cTAwZFFDdFZNV25XMEU4N2lVMm1ETk4wT05MTFZuCkt4cGRoNHJrNVNZUngvZDlmNDRSMTMrOXB1UFpsWDVORXFweTFWOTlkd21nUm5LV0NqNjZxZVNqMDNzTWhjdC8KU2RPNVV0ZjkxMmU0Ci0tLS0tRU5EIENFUlRJRklDQVRFLS0tLS0K"
              }
            ],
            "cluster_id": null,
            "compute_config": [],
            "created_at": "2025-06-28T09:39:24Z",
            "enabled_cluster_log_types": null,
            "encryption_config": [],
            "endpoint": "https://35E10D24B5EC9F6742AC865E3667A209.sk1.ap-northeast-2.eks.amazonaws.com",
            "force_update_version": null,
            "id": "cloudflix-eks",
            "identity": [
              {
                "oidc": [
                  {
                    "issuer": "https://oidc.eks.ap-northeast-2.amazonaws.com/id/35E10D24B5EC9F6742AC865E3667A209"
                  }
                ]
              }
            ],
            "kubernetes_network_config": [
              {
                "elastic_load_balancing": [
                  {
                    "enabled": false
                  }
                ],
                "ip_family": "ipv4",
                "service_ipv4_cidr": "172.20.0.0/16",
                "service_ipv6_cidr": ""
              }
            ],
            "name": "cloudflix-eks",
            "outpost_config": [],
            "platform_version": "eks.40",
            "region": "ap-northeast-2",
            "remote_network_config": [],
            "role_arn": "arn:aws:iam::897729138689:role/cloudflix-eks-cluster-role",
            "status": "ACTIVE",
            "storage_config": [],
            "tags": {
              "Name": "cloudflix-eks"
            },
            "tags_all": {
              "Name": "cloudflix-eks"
            },
            "timeouts": null,
            "upgrade_policy": [
              {
                "support_type": "EXTENDED"
              }
            ],
            "version": "1.29",
            "vpc_config": [
              {
                "cluster_security_group_id": "sg-0aa60e6c4a608b509",
                "endpoint_private_access": false,
                "endpoint_public_access": true,
                "public_access_cidrs": [
                  "0.0.0.0/0"
                ],
                "security_group_ids": null,
                "subnet_ids": [
                  "subnet-0ab935f8f74356943",
                  "subnet-0ca62218a7a04ee02",
                  "subnet-0fa9d97b2f3a8254e"
                ],
                "vpc_id": "vpc-0bf026d1edebf3349"
              }
            ],
            "zonal_shift_config": []
          },
          "sensitive_attributes": [],
          "identity_schema_version": 0,
          "private": "eyJlMmJmYjczMC1lY2FhLTExZTYtOGY4OC0zNDM2M2JjN2M0YzAiOnsiY3JlYXRlIjoxODAwMDAwMDAwMDAwLCJkZWxldGUiOjkwMDAwMDAwMDAwMCwidXBkYXRlIjozNjAwMDAwMDAwMDAwfSwic2NoZW1hX3ZlcnNpb24iOiIxIn0=",
          "dependencies": [
            "aws_iam_role.eks_cluster",
            "aws_iam_role_policy_attachment.eks_cluster_policy"
          ]
        }
      ]
    },
    {
      "mode": "managed",
      "type": "aws_eks_fargate_profile",
      "name": "main",
      "provider": "provider[\"registry.terraform.io/hashicorp/aws\"]",
      "instances": [
        {
          "schema_version": 0,
          "attributes": {
            "arn": "arn:aws:eks:ap-northeast-2:897729138689:fargateprofile/cloudflix-eks/default/cacbdaf6-daf5-30af-8713-34598b2d0b3a",
            "cluster_name": "cloudflix-eks",
            "fargate_profile_name": "default",
            "id": "cloudflix-eks:default",
            "pod_execution_role_arn": "arn:aws:iam::897729138689:role/cloudflix-eks-fargate-role",
            "region": "ap-northeast-2",
            "selector": [
              {
                "labels": null,
                "namespace": "karpenter"
              }
            ],
            "status": "ACTIVE",
            "subnet_ids": [
              "subnet-0ab935f8f74356943",
              "subnet-0ca62218a7a04ee02",
              "subnet-0fa9d97b2f3a8254e"
            ],
            "tags": null,
            "tags_all": {},
            "timeouts": null
          },
          "sensitive_attributes": [],
          "identity_schema_version": 0,
          "private": "eyJlMmJmYjczMC1lY2FhLTExZTYtOGY4OC0zNDM2M2JjN2M0YzAiOnsiY3JlYXRlIjo2MDAwMDAwMDAwMDAsImRlbGV0ZSI6NjAwMDAwMDAwMDAwfX0=",
          "dependencies": [
            "aws_eks_cluster.main",
            "aws_iam_role.eks_cluster",
            "aws_iam_role.fargate_profile",
            "aws_iam_role_policy_attachment.eks_cluster_policy",
            "aws_iam_role_policy_attachment.fargate_profile_policy"
          ]
        }
      ]
    },
    {
      "mode": "managed",
      "type": "aws_iam_instance_profile",
      "name": "karpenter_node",
      "provider": "provider[\"registry.terraform.io/hashicorp/aws\"]",
      "instances": [
        {
          "schema_version": 0,
          "attributes": {
            "arn": "arn:aws:iam::897729138689:instance-profile/cloudflix-eks-karpenter-node-instance-profile",
            "create_date": "2025-06-28T09:39:22Z",
            "id": "cloudflix-eks-karpenter-node-instance-profile",
            "name": "cloudflix-eks-karpenter-node-instance-profile",
            "name_prefix": "",
            "path": "/",
            "role": "cloudflix-eks-karpenter-node-role",
            "tags": null,
            "tags_all": {},
            "unique_id": "AIPA5CBGTSAASBVAYVJFB"
          },
          "sensitive_attributes": [],
          "identity_schema_version": 0,
          "private": "bnVsbA==",
          "dependencies": [
            "aws_iam_role.karpenter_node"
          ]
        }
      ]
    },
    {
      "mode": "managed",
      "type": "aws_iam_role",
      "name": "eks_cluster",
      "provider": "provider[\"registry.terraform.io/hashicorp/aws\"]",
      "instances": [
        {
          "schema_version": 0,
          "attributes": {
            "arn": "arn:aws:iam::897729138689:role/cloudflix-eks-cluster-role",
            "assume_role_policy": "{\"Statement\":[{\"Action\":\"sts:AssumeRole\",\"Effect\":\"Allow\",\"Principal\":{\"Service\":\"eks.amazonaws.com\"}}],\"Version\":\"2012-10-17\"}",
            "create_date": "2025-06-28T09:39:21Z",
            "description": "",
            "force_detach_policies": false,
            "id": "cloudflix-eks-cluster-role",
            "inline_policy": [],
            "managed_policy_arns": [],
            "max_session_duration": 3600,
            "name": "cloudflix-eks-cluster-role",
            "name_prefix": "",
            "path": "/",
            "permissions_boundary": "",
            "tags": null,
            "tags_all": {},
            "unique_id": "AROA5CBGTSAAZECZROJEL"
          },
          "sensitive_attributes": [],
          "identity_schema_version": 0,
          "identity": {
            "account_id": "897729138689",
            "name": "cloudflix-eks-cluster-role"
          },
          "private": "bnVsbA=="
        }
      ]
    },
    {
      "mode": "managed",
      "type": "aws_iam_role",
      "name": "fargate_profile",
      "provider": "provider[\"registry.terraform.io/hashicorp/aws\"]",
      "instances": [
        {
          "schema_version": 0,
          "attributes": {
            "arn": "arn:aws:iam::897729138689:role/cloudflix-eks-fargate-role",
            "assume_role_policy": "{\"Statement\":[{\"Action\":\"sts:AssumeRole\",\"Effect\":\"Allow\",\"Principal\":{\"Service\":\"eks-fargate-pods.amazonaws.com\"}}],\"Version\":\"2012-10-17\"}",
            "create_date": "2025-06-28T09:39:21Z",
            "description": "",
            "force_detach_policies": false,
            "id": "cloudflix-eks-fargate-role",
            "inline_policy": [],
            "managed_policy_arns": [],
            "max_session_duration": 3600,
            "name": "cloudflix-eks-fargate-role",
            "name_prefix": "",
            "path": "/",
            "permissions_boundary": "",
            "tags": null,
            "tags_all": {},
            "unique_id": "AROA5CBGTSAAZMNC67JKB"
          },
          "sensitive_attributes": [],
          "identity_schema_version": 0,
          "identity": {
            "account_id": "897729138689",
            "name": "cloudflix-eks-fargate-role"
          },
          "private": "bnVsbA=="
        }
      ]
    },
    {
      "mode": "managed",
      "type": "aws_iam_role",
      "name": "karpenter_controller",
      "provider": "provider[\"registry.terraform.io/hashicorp/aws\"]",
      "instances": [
        {
          "schema_version": 0,
          "attributes": {
            "arn": "arn:aws:iam::897729138689:role/cloudflix-eks-karpenter-controller-role",
            "assume_role_policy": "{\"Statement\":[{\"Action\":\"sts:AssumeRole\",\"Condition\":{\"StringEquals\":{\"oidc.eks.ap-northeast-2.amazonaws.com/id/35E10D24B5EC9F6742AC865E3667A209:aud\":\"sts.amazonaws.com\",\"oidc.eks.ap-northeast-2.amazonaws.com/id/35E10D24B5EC9F6742AC865E3667A209:sub\":\"system:serviceaccount:karpenter:karpenter\"}},\"Effect\":\"Allow\",\"Principal\":{\"Federated\":\"arn:aws:iam::897729138689:oidc-provider/oidc.eks.ap-northeast-2.amazonaws.com/id/35E10D24B5EC9F6742AC865E3667A209\"}}],\"Version\":\"2012-10-17\"}",
            "create_date": "2025-06-28T09:45:44Z",
            "description": "",
            "force_detach_policies": false,
            "id": "cloudflix-eks-karpenter-controller-role",
            "inline_policy": [],
            "managed_policy_arns": [],
            "max_session_duration": 3600,
            "name": "cloudflix-eks-karpenter-controller-role",
            "name_prefix": "",
            "path": "/",
            "permissions_boundary": "",
            "tags": null,
            "tags_all": {},
            "unique_id": "AROA5CBGTSAA23BQMDVK6"
          },
          "sensitive_attributes": [],
          "identity_schema_version": 0,
          "identity": {
            "account_id": "897729138689",
            "name": "cloudflix-eks-karpenter-controller-role"
          },
          "private": "bnVsbA==",
          "dependencies": [
            "aws_eks_cluster.main",
            "aws_iam_role.eks_cluster",
            "aws_iam_role_policy_attachment.eks_cluster_policy",
            "data.aws_caller_identity.current"
          ]
        }
      ]
    },
    {
      "mode": "managed",
      "type": "aws_iam_role",
      "name": "karpenter_node",
      "provider": "provider[\"registry.terraform.io/hashicorp/aws\"]",
      "instances": [
        {
          "schema_version": 0,
          "attributes": {
            "arn": "arn:aws:iam::897729138689:role/cloudflix-eks-karpenter-node-role",
            "assume_role_policy": "{\"Statement\":[{\"Action\":\"sts:AssumeRole\",\"Effect\":\"Allow\",\"Principal\":{\"Service\":\"ec2.amazonaws.com\"}}],\"Version\":\"2012-10-17\"}",
            "create_date": "2025-06-28T09:39:21Z",
            "description": "",
            "force_detach_policies": false,
            "id": "cloudflix-eks-karpenter-node-role",
            "inline_policy": [],
            "managed_policy_arns": [],
            "max_session_duration": 3600,
            "name": "cloudflix-eks-karpenter-node-role",
            "name_prefix": "",
            "path": "/",
            "permissions_boundary": "",
            "tags": null,
            "tags_all": {},
            "unique_id": "AROA5CBGTSAAZB2JI2ARS"
          },
          "sensitive_attributes": [],
          "identity_schema_version": 0,
          "identity": {
            "account_id": "897729138689",
            "name": "cloudflix-eks-karpenter-node-role"
          },
          "private": "bnVsbA=="
        }
      ]
    },
    {
      "mode": "managed",
      "type": "aws_iam_role_policy",
      "name": "karpenter_controller",
      "provider": "provider[\"registry.terraform.io/hashicorp/aws\"]",
      "instances": [
        {
          "schema_version": 0,
          "attributes": {
            "id": "cloudflix-eks-karpenter-controller-role:cloudflix-eks-karpenter-controller-policy",
            "name": "cloudflix-eks-karpenter-controller-policy",
            "name_prefix": "",
            "policy": "{\"Version\":\"2012-10-17\",\"Statement\":[{\"Action\":[\"ssm:GetParameter\",\"ec2:DescribeImages\",\"ec2:RunInstances\",\"ec2:DescribeSubnets\",\"ec2:DescribeSecurityGroups\",\"ec2:DescribeLaunchTemplates\",\"ec2:DescribeInstances\",\"ec2:DescribeInstanceTypes\",\"ec2:DescribeInstanceTypeOfferings\",\"ec2:DescribeAvailabilityZones\",\"ec2:DeleteLaunchTemplate\",\"ec2:CreateTags\",\"ec2:CreateLaunchTemplate\",\"ec2:CreateFleet\",\"ec2:DescribeSpotPriceHistory\",\"pricing:GetProducts\"],\"Effect\":\"Allow\",\"Resource\":\"*\"},{\"Action\":[\"ec2:TerminateInstances\",\"ec2:DeleteLaunchTemplate\"],\"Condition\":{\"StringEquals\":{\"ec2:ResourceTag/karpenter.sh/cluster\":\"cloudflix-eks\"}},\"Effect\":\"Allow\",\"Resource\":\"*\"},{\"Action\":\"iam:PassRole\",\"Effect\":\"Allow\",\"Resource\":\"arn:aws:iam::897729138689:role/cloudflix-eks-karpenter-node-*\"},{\"Action\":\"eks:DescribeCluster\",\"Effect\":\"Allow\",\"Resource\":\"arn:aws:eks:ap-northeast-2:897729138689:cluster/cloudflix-eks\"}]}",
            "role": "cloudflix-eks-karpenter-controller-role"
          },
          "sensitive_attributes": [],
          "identity_schema_version": 0,
          "private": "bnVsbA==",
          "dependencies": [
            "aws_eks_cluster.main",
            "aws_iam_role.eks_cluster",
            "aws_iam_role.karpenter_controller",
            "aws_iam_role_policy_attachment.eks_cluster_policy",
            "data.aws_caller_identity.current"
          ]
        }
      ]
    },
    {
      "mode": "managed",
      "type": "aws_iam_role_policy_attachment",
      "name": "eks_cluster_policy",
      "provider": "provider[\"registry.terraform.io/hashicorp/aws\"]",
      "instances": [
        {
          "schema_version": 0,
          "attributes": {
            "id": "cloudflix-eks-cluster-role-20250628093922281200000002",
            "policy_arn": "arn:aws:iam::aws:policy/AmazonEKSClusterPolicy",
            "role": "cloudflix-eks-cluster-role"
          },
          "sensitive_attributes": [],
          "identity_schema_version": 0,
          "private": "bnVsbA==",
          "dependencies": [
            "aws_iam_role.eks_cluster"
          ]
        }
      ]
    },
    {
      "mode": "managed",
      "type": "aws_iam_role_policy_attachment",
      "name": "fargate_profile_policy",
      "provider": "provider[\"registry.terraform.io/hashicorp/aws\"]",
      "instances": [
        {
          "schema_version": 0,
          "attributes": {
            "id": "cloudflix-eks-fargate-role-20250628093922552600000004",
            "policy_arn": "arn:aws:iam::aws:policy/AmazonEKSFargatePodExecutionRolePolicy",
            "role": "cloudflix-eks-fargate-role"
          },
          "sensitive_attributes": [],
          "identity_schema_version": 0,
          "private": "bnVsbA==",
          "dependencies": [
            "aws_iam_role.fargate_profile"
          ]
        }
      ]
    },
    {
      "mode": "managed",
      "type": "aws_iam_role_policy_attachment",
      "name": "karpenter_node_cni_policy",
      "provider": "provider[\"registry.terraform.io/hashicorp/aws\"]",
      "instances": [
        {
          "schema_version": 0,
          "attributes": {
            "id": "cloudflix-eks-karpenter-node-role-20250628093922281200000001",
            "policy_arn": "arn:aws:iam::aws:policy/AmazonEKS_CNI_Policy",
            "role": "cloudflix-eks-karpenter-node-role"
          },
          "sensitive_attributes": [],
          "identity_schema_version": 0,
          "private": "bnVsbA==",
          "dependencies": [
            "aws_iam_role.karpenter_node"
          ]
        }
      ]
    },
    {
      "mode": "managed",
      "type": "aws_iam_role_policy_attachment",
      "name": "karpenter_node_policy",
      "provider": "provider[\"registry.terraform.io/hashicorp/aws\"]",
      "instances": [
        {
          "schema_version": 0,
          "attributes": {
            "id": "cloudflix-eks-karpenter-node-role-20250628093922564800000005",
            "policy_arn": "arn:aws:iam::aws:policy/AmazonEKSWorkerNodePolicy",
            "role": "cloudflix-eks-karpenter-node-role"
          },
          "sensitive_attributes": [],
          "identity_schema_version": 0,
          "private": "bnVsbA==",
          "dependencies": [
            "aws_iam_role.karpenter_node"
          ]
        }
      ]
    },
    {
      "mode": "managed",
      "type": "aws_iam_role_policy_attachment",
      "name": "karpenter_node_registry_policy",
      "provider": "provider[\"registry.terraform.io/hashicorp/aws\"]",
      "instances": [
        {
          "schema_version": 0,
          "attributes": {
            "id": "cloudflix-eks-karpenter-node-role-20250628093922281200000003",
            "policy_arn": "arn:aws:iam::aws:policy/AmazonEC2ContainerRegistryReadOnly",
            "role": "cloudflix-eks-karpenter-node-role"
          },
          "sensitive_attributes": [],
          "identity_schema_version": 0,
          "private": "bnVsbA==",
          "dependencies": [
            "aws_iam_role.karpenter_node"
          ]
        }
      ]
    }
  ],
  "check_results": null
}
